// !$*UTF8*$!
{
	archiveVersion = 1;
	classes = {
	};
	objectVersion = 50;
	objects = {

/* Begin PBXBuildFile section */
		250CB87B26BAC53100957930 /* AppDelegate.swift in Sources */ = {isa = PBXBuildFile; fileRef = 250CB87A26BAC53100957930 /* AppDelegate.swift */; };
		250CB87D26BAC53100957930 /* SceneDelegate.swift in Sources */ = {isa = PBXBuildFile; fileRef = 250CB87C26BAC53100957930 /* SceneDelegate.swift */; };
		250CB87F26BAC53100957930 /* ViewController.swift in Sources */ = {isa = PBXBuildFile; fileRef = 250CB87E26BAC53100957930 /* ViewController.swift */; };
		250CB88226BAC53100957930 /* Main.storyboard in Resources */ = {isa = PBXBuildFile; fileRef = 250CB88026BAC53100957930 /* Main.storyboard */; };
		250CB88426BAC53200957930 /* Assets.xcassets in Resources */ = {isa = PBXBuildFile; fileRef = 250CB88326BAC53200957930 /* Assets.xcassets */; };
		250CB88726BAC53200957930 /* LaunchScreen.storyboard in Resources */ = {isa = PBXBuildFile; fileRef = 250CB88526BAC53200957930 /* LaunchScreen.storyboard */; };
		250CB89226BAC53200957930 /* PreworkTests.swift in Sources */ = {isa = PBXBuildFile; fileRef = 250CB89126BAC53200957930 /* PreworkTests.swift */; };
		250CB89D26BAC53300957930 /* PreworkUITests.swift in Sources */ = {isa = PBXBuildFile; fileRef = 250CB89C26BAC53300957930 /* PreworkUITests.swift */; };
/* End PBXBuildFile section */

/* Begin PBXContainerItemProxy section */
		250CB88E26BAC53200957930 /* PBXContainerItemProxy */ = {
			isa = PBXContainerItemProxy;
			containerPortal = 250CB86F26BAC53100957930 /* Project object */;
			proxyType = 1;
			remoteGlobalIDString = 250CB87626BAC53100957930;
			remoteInfo = Prework;
		};
		250CB89926BAC53300957930 /* PBXContainerItemProxy */ = {
			isa = PBXContainerItemProxy;
			containerPortal = 250CB86F26BAC53100957930 /* Project object */;
			proxyType = 1;
			remoteGlobalIDString = 250CB87626BAC53100957930;
			remoteInfo = Prework;
		};
/* End PBXContainerItemProxy section */

/* Begin PBXFileReference section */
		250CB87726BAC53100957930 /* TipCalculator.app */ = {isa = PBXFileReference; explicitFileType = wrapper.application; includeInIndex = 0; path = TipCalculator.app; sourceTree = BUILT_PRODUCTS_DIR; };
		250CB87A26BAC53100957930 /* AppDelegate.swift */ = {isa = PBXFileReference; lastKnownFileType = sourcecode.swift; path = AppDelegate.swift; sourceTree = "<group>"; };
		250CB87C26BAC53100957930 /* SceneDelegate.swift */ = {isa = PBXFileReference; lastKnownFileType = sourcecode.swift; path = SceneDelegate.swift; sourceTree = "<group>"; };
		250CB87E26BAC53100957930 /* ViewController.swift */ = {isa = PBXFileReference; lastKnownFileType = sourcecode.swift; path = ViewController.swift; sourceTree = "<group>"; };
		250CB88126BAC53100957930 /* Base */ = {isa = PBXFileReference; lastKnownFileType = file.storyboard; name = Base; path = Base.lproj/Main.storyboard; sourceTree = "<group>"; };
		250CB88326BAC53200957930 /* Assets.xcassets */ = {isa = PBXFileReference; lastKnownFileType = folder.assetcatalog; path = Assets.xcassets; sourceTree = "<group>"; };
		250CB88626BAC53200957930 /* Base */ = {isa = PBXFileReference; lastKnownFileType = file.storyboard; name = Base; path = Base.lproj/LaunchScreen.storyboard; sourceTree = "<group>"; };
		250CB88826BAC53200957930 /* Info.plist */ = {isa = PBXFileReference; lastKnownFileType = text.plist.xml; path = Info.plist; sourceTree = "<group>"; };
		250CB88D26BAC53200957930 /* TipCalculatorTests.xctest */ = {isa = PBXFileReference; explicitFileType = wrapper.cfbundle; includeInIndex = 0; path = TipCalculatorTests.xctest; sourceTree = BUILT_PRODUCTS_DIR; };
		250CB89126BAC53200957930 /* PreworkTests.swift */ = {isa = PBXFileReference; lastKnownFileType = sourcecode.swift; path = PreworkTests.swift; sourceTree = "<group>"; };
		250CB89326BAC53200957930 /* Info.plist */ = {isa = PBXFileReference; lastKnownFileType = text.plist.xml; path = Info.plist; sourceTree = "<group>"; };
		250CB89826BAC53300957930 /* TipCalculatorUITests.xctest */ = {isa = PBXFileReference; explicitFileType = wrapper.cfbundle; includeInIndex = 0; path = TipCalculatorUITests.xctest; sourceTree = BUILT_PRODUCTS_DIR; };
		250CB89C26BAC53300957930 /* PreworkUITests.swift */ = {isa = PBXFileReference; lastKnownFileType = sourcecode.swift; path = PreworkUITests.swift; sourceTree = "<group>"; };
		250CB89E26BAC53300957930 /* Info.plist */ = {isa = PBXFileReference; lastKnownFileType = text.plist.xml; path = Info.plist; sourceTree = "<group>"; };
/* End PBXFileReference section */

/* Begin PBXFrameworksBuildPhase section */
		250CB87426BAC53100957930 /* Frameworks */ = {
			isa = PBXFrameworksBuildPhase;
			buildActionMask = 2147483647;
			files = (
			);
			runOnlyForDeploymentPostprocessing = 0;
		};
		250CB88A26BAC53200957930 /* Frameworks */ = {
			isa = PBXFrameworksBuildPhase;
			buildActionMask = 2147483647;
			files = (
			);
			runOnlyForDeploymentPostprocessing = 0;
		};
		250CB89526BAC53200957930 /* Frameworks */ = {
			isa = PBXFrameworksBuildPhase;
			buildActionMask = 2147483647;
			files = (
			);
			runOnlyForDeploymentPostprocessing = 0;
		};
/* End PBXFrameworksBuildPhase section */

/* Begin PBXGroup section */
		250CB86E26BAC53100957930 = {
			isa = PBXGroup;
			children = (
				250CB87926BAC53100957930 /* Prework */,
				250CB89026BAC53200957930 /* PreworkTests */,
				250CB89B26BAC53300957930 /* PreworkUITests */,
				250CB87826BAC53100957930 /* Products */,
			);
			sourceTree = "<group>";
		};
		250CB87826BAC53100957930 /* Products */ = {
			isa = PBXGroup;
			children = (
				250CB87726BAC53100957930 /* TipCalculator.app */,
				250CB88D26BAC53200957930 /* TipCalculatorTests.xctest */,
				250CB89826BAC53300957930 /* TipCalculatorUITests.xctest */,
			);
			name = Products;
			sourceTree = "<group>";
		};
		250CB87926BAC53100957930 /* Prework */ = {
			isa = PBXGroup;
			children = (
				250CB87A26BAC53100957930 /* AppDelegate.swift */,
				250CB87C26BAC53100957930 /* SceneDelegate.swift */,
				250CB87E26BAC53100957930 /* ViewController.swift */,
				250CB88026BAC53100957930 /* Main.storyboard */,
				250CB88326BAC53200957930 /* Assets.xcassets */,
				250CB88526BAC53200957930 /* LaunchScreen.storyboard */,
				250CB88826BAC53200957930 /* Info.plist */,
			);
			path = Prework;
			sourceTree = "<group>";
		};
		250CB89026BAC53200957930 /* PreworkTests */ = {
			isa = PBXGroup;
			children = (
				250CB89126BAC53200957930 /* PreworkTests.swift */,
				250CB89326BAC53200957930 /* Info.plist */,
			);
			path = PreworkTests;
			sourceTree = "<group>";
		};
		250CB89B26BAC53300957930 /* PreworkUITests */ = {
			isa = PBXGroup;
			children = (
				250CB89C26BAC53300957930 /* PreworkUITests.swift */,
				250CB89E26BAC53300957930 /* Info.plist */,
			);
			path = PreworkUITests;
			sourceTree = "<group>";
		};
/* End PBXGroup section */

/* Begin PBXNativeTarget section */
		250CB87626BAC53100957930 /* TipCalculator */ = {
			isa = PBXNativeTarget;
			buildConfigurationList = 250CB8A126BAC53300957930 /* Build configuration list for PBXNativeTarget "TipCalculator" */;
			buildPhases = (
				250CB87326BAC53100957930 /* Sources */,
				250CB87426BAC53100957930 /* Frameworks */,
				250CB87526BAC53100957930 /* Resources */,
			);
			buildRules = (
			);
			dependencies = (
			);
			name = TipCalculator;
			productName = Prework;
			productReference = 250CB87726BAC53100957930 /* TipCalculator.app */;
			productType = "com.apple.product-type.application";
		};
		250CB88C26BAC53200957930 /* TipCalculatorTests */ = {
			isa = PBXNativeTarget;
			buildConfigurationList = 250CB8A426BAC53300957930 /* Build configuration list for PBXNativeTarget "TipCalculatorTests" */;
			buildPhases = (
				250CB88926BAC53200957930 /* Sources */,
				250CB88A26BAC53200957930 /* Frameworks */,
				250CB88B26BAC53200957930 /* Resources */,
			);
			buildRules = (
			);
			dependencies = (
				250CB88F26BAC53200957930 /* PBXTargetDependency */,
			);
			name = TipCalculatorTests;
			productName = PreworkTests;
			productReference = 250CB88D26BAC53200957930 /* TipCalculatorTests.xctest */;
			productType = "com.apple.product-type.bundle.unit-test";
		};
		250CB89726BAC53200957930 /* TipCalculatorUITests */ = {
			isa = PBXNativeTarget;
			buildConfigurationList = 250CB8A726BAC53300957930 /* Build configuration list for PBXNativeTarget "TipCalculatorUITests" */;
			buildPhases = (
				250CB89426BAC53200957930 /* Sources */,
				250CB89526BAC53200957930 /* Frameworks */,
				250CB89626BAC53200957930 /* Resources */,
			);
			buildRules = (
			);
			dependencies = (
				250CB89A26BAC53300957930 /* PBXTargetDependency */,
			);
			name = TipCalculatorUITests;
			productName = PreworkUITests;
			productReference = 250CB89826BAC53300957930 /* TipCalculatorUITests.xctest */;
			productType = "com.apple.product-type.bundle.ui-testing";
		};
/* End PBXNativeTarget section */

/* Begin PBXProject section */
		250CB86F26BAC53100957930 /* Project object */ = {
			isa = PBXProject;
			attributes = {
				LastSwiftUpdateCheck = 1250;
				LastUpgradeCheck = 1250;
				TargetAttributes = {
					250CB87626BAC53100957930 = {
						CreatedOnToolsVersion = 12.5.1;
					};
					250CB88C26BAC53200957930 = {
						CreatedOnToolsVersion = 12.5.1;
						TestTargetID = 250CB87626BAC53100957930;
					};
					250CB89726BAC53200957930 = {
						CreatedOnToolsVersion = 12.5.1;
						TestTargetID = 250CB87626BAC53100957930;
					};
				};
			};
			buildConfigurationList = 250CB87226BAC53100957930 /* Build configuration list for PBXProject "TipCalculator" */;
			compatibilityVersion = "Xcode 9.3";
			developmentRegion = en;
			hasScannedForEncodings = 0;
			knownRegions = (
				en,
				Base,
			);
			mainGroup = 250CB86E26BAC53100957930;
			productRefGroup = 250CB87826BAC53100957930 /* Products */;
			projectDirPath = "";
			projectRoot = "";
			targets = (
				250CB87626BAC53100957930 /* TipCalculator */,
				250CB88C26BAC53200957930 /* TipCalculatorTests */,
				250CB89726BAC53200957930 /* TipCalculatorUITests */,
			);
		};
/* End PBXProject section */

/* Begin PBXResourcesBuildPhase section */
		250CB87526BAC53100957930 /* Resources */ = {
			isa = PBXResourcesBuildPhase;
			buildActionMask = 2147483647;
			files = (
				250CB88726BAC53200957930 /* LaunchScreen.storyboard in Resources */,
				250CB88426BAC53200957930 /* Assets.xcassets in Resources */,
				250CB88226BAC53100957930 /* Main.storyboard in Resources */,
			);
			runOnlyForDeploymentPostprocessing = 0;
		};
		250CB88B26BAC53200957930 /* Resources */ = {
			isa = PBXResourcesBuildPhase;
			buildActionMask = 2147483647;
			files = (
			);
			runOnlyForDeploymentPostprocessing = 0;
		};
		250CB89626BAC53200957930 /* Resources */ = {
			isa = PBXResourcesBuildPhase;
			buildActionMask = 2147483647;
			files = (
			);
			runOnlyForDeploymentPostprocessing = 0;
		};
/* End PBXResourcesBuildPhase section */

/* Begin PBXSourcesBuildPhase section */
		250CB87326BAC53100957930 /* Sources */ = {
			isa = PBXSourcesBuildPhase;
			buildActionMask = 2147483647;
			files = (
				250CB87F26BAC53100957930 /* ViewController.swift in Sources */,
				250CB87B26BAC53100957930 /* AppDelegate.swift in Sources */,
				250CB87D26BAC53100957930 /* SceneDelegate.swift in Sources */,
			);
			runOnlyForDeploymentPostprocessing = 0;
		};
		250CB88926BAC53200957930 /* Sources */ = {
			isa = PBXSourcesBuildPhase;
			buildActionMask = 2147483647;
			files = (
				250CB89226BAC53200957930 /* PreworkTests.swift in Sources */,
			);
			runOnlyForDeploymentPostprocessing = 0;
		};
		250CB89426BAC53200957930 /* Sources */ = {
			isa = PBXSourcesBuildPhase;
			buildActionMask = 2147483647;
			files = (
				250CB89D26BAC53300957930 /* PreworkUITests.swift in Sources */,
			);
			runOnlyForDeploymentPostprocessing = 0;
		};
/* End PBXSourcesBuildPhase section */

/* Begin PBXTargetDependency section */
		250CB88F26BAC53200957930 /* PBXTargetDependency */ = {
			isa = PBXTargetDependency;
			target = 250CB87626BAC53100957930 /* TipCalculator */;
			targetProxy = 250CB88E26BAC53200957930 /* PBXContainerItemProxy */;
		};
		250CB89A26BAC53300957930 /* PBXTargetDependency */ = {
			isa = PBXTargetDependency;
			target = 250CB87626BAC53100957930 /* TipCalculator */;
			targetProxy = 250CB89926BAC53300957930 /* PBXContainerItemProxy */;
		};
/* End PBXTargetDependency section */

/* Begin PBXVariantGroup section */
		250CB88026BAC53100957930 /* Main.storyboard */ = {
			isa = PBXVariantGroup;
			children = (
				250CB88126BAC53100957930 /* Base */,
			);
			name = Main.storyboard;
			sourceTree = "<group>";
		};
		250CB88526BAC53200957930 /* LaunchScreen.storyboard */ = {
			isa = PBXVariantGroup;
			children = (
				250CB88626BAC53200957930 /* Base */,
			);
			name = LaunchScreen.storyboard;
			sourceTree = "<group>";
		};
/* End PBXVariantGroup section */

/* Begin XCBuildConfiguration section */
		250CB89F26BAC53300957930 /* Debug */ = {
			isa = XCBuildConfiguration;
			buildSettings = {
				ALWAYS_SEARCH_USER_PATHS = NO;
				CLANG_ANALYZER_NONNULL = YES;
				CLANG_ANALYZER_NUMBER_OBJECT_CONVERSION = YES_AGGRESSIVE;
				CLANG_CXX_LANGUAGE_STANDARD = "gnu++14";
				CLANG_CXX_LIBRARY = "libc++";
				CLANG_ENABLE_MODULES = YES;
				CLANG_ENABLE_OBJC_ARC = YES;
				CLANG_ENABLE_OBJC_WEAK = YES;
				CLANG_WARN_BLOCK_CAPTURE_AUTORELEASING = YES;
				CLANG_WARN_BOOL_CONVERSION = YES;
				CLANG_WARN_COMMA = YES;
				CLANG_WARN_CONSTANT_CONVERSION = YES;
				CLANG_WARN_DEPRECATED_OBJC_IMPLEMENTATIONS = YES;
				CLANG_WARN_DIRECT_OBJC_ISA_USAGE = YES_ERROR;
				CLANG_WARN_DOCUMENTATION_COMMENTS = YES;
				CLANG_WARN_EMPTY_BODY = YES;
				CLANG_WARN_ENUM_CONVERSION = YES;
				CLANG_WARN_INFINITE_RECURSION = YES;
				CLANG_WARN_INT_CONVERSION = YES;
				CLANG_WARN_NON_LITERAL_NULL_CONVERSION = YES;
				CLANG_WARN_OBJC_IMPLICIT_RETAIN_SELF = YES;
				CLANG_WARN_OBJC_LITERAL_CONVERSION = YES;
				CLANG_WARN_OBJC_ROOT_CLASS = YES_ERROR;
				CLANG_WARN_QUOTED_INCLUDE_IN_FRAMEWORK_HEADER = YES;
				CLANG_WARN_RANGE_LOOP_ANALYSIS = YES;
				CLANG_WARN_STRICT_PROTOTYPES = YES;
				CLANG_WARN_SUSPICIOUS_MOVE = YES;
				CLANG_WARN_UNGUARDED_AVAILABILITY = YES_AGGRESSIVE;
				CLANG_WARN_UNREACHABLE_CODE = YES;
				CLANG_WARN__DUPLICATE_METHOD_MATCH = YES;
				COPY_PHASE_STRIP = NO;
				DEBUG_INFORMATION_FORMAT = dwarf;
				ENABLE_STRICT_OBJC_MSGSEND = YES;
				ENABLE_TESTABILITY = YES;
				GCC_C_LANGUAGE_STANDARD = gnu11;
				GCC_DYNAMIC_NO_PIC = NO;
				GCC_NO_COMMON_BLOCKS = YES;
				GCC_OPTIMIZATION_LEVEL = 0;
				GCC_PREPROCESSOR_DEFINITIONS = (
					"DEBUG=1",
					"$(inherited)",
				);
				GCC_WARN_64_TO_32_BIT_CONVERSION = YES;
				GCC_WARN_ABOUT_RETURN_TYPE = YES_ERROR;
				GCC_WARN_UNDECLARED_SELECTOR = YES;
				GCC_WARN_UNINITIALIZED_AUTOS = YES_AGGRESSIVE;
				GCC_WARN_UNUSED_FUNCTION = YES;
				GCC_WARN_UNUSED_VARIABLE = YES;
				IPHONEOS_DEPLOYMENT_TARGET = 14.5;
				MTL_ENABLE_DEBUG_INFO = INCLUDE_SOURCE;
				MTL_FAST_MATH = YES;
				ONLY_ACTIVE_ARCH = YES;
				SDKROOT = iphoneos;
				SWIFT_ACTIVE_COMPILATION_CONDITIONS = DEBUG;
				SWIFT_OPTIMIZATION_LEVEL = "-Onone";
			};
			name = Debug;
		};
		250CB8A026BAC53300957930 /* Release */ = {
			isa = XCBuildConfiguration;
			buildSettings = {
				ALWAYS_SEARCH_USER_PATHS = NO;
				CLANG_ANALYZER_NONNULL = YES;
				CLANG_ANALYZER_NUMBER_OBJECT_CONVERSION = YES_AGGRESSIVE;
				CLANG_CXX_LANGUAGE_STANDARD = "gnu++14";
				CLANG_CXX_LIBRARY = "libc++";
				CLANG_ENABLE_MODULES = YES;
				CLANG_ENABLE_OBJC_ARC = YES;
				CLANG_ENABLE_OBJC_WEAK = YES;
				CLANG_WARN_BLOCK_CAPTURE_AUTORELEASING = YES;
				CLANG_WARN_BOOL_CONVERSION = YES;
				CLANG_WARN_COMMA = YES;
				CLANG_WARN_CONSTANT_CONVERSION = YES;
				CLANG_WARN_DEPRECATED_OBJC_IMPLEMENTATIONS = YES;
				CLANG_WARN_DIRECT_OBJC_ISA_USAGE = YES_ERROR;
				CLANG_WARN_DOCUMENTATION_COMMENTS = YES;
				CLANG_WARN_EMPTY_BODY = YES;
				CLANG_WARN_ENUM_CONVERSION = YES;
				CLANG_WARN_INFINITE_RECURSION = YES;
				CLANG_WARN_INT_CONVERSION = YES;
				CLANG_WARN_NON_LITERAL_NULL_CONVERSION = YES;
				CLANG_WARN_OBJC_IMPLICIT_RETAIN_SELF = YES;
				CLANG_WARN_OBJC_LITERAL_CONVERSION = YES;
				CLANG_WARN_OBJC_ROOT_CLASS = YES_ERROR;
				CLANG_WARN_QUOTED_INCLUDE_IN_FRAMEWORK_HEADER = YES;
				CLANG_WARN_RANGE_LOOP_ANALYSIS = YES;
				CLANG_WARN_STRICT_PROTOTYPES = YES;
				CLANG_WARN_SUSPICIOUS_MOVE = YES;
				CLANG_WARN_UNGUARDED_AVAILABILITY = YES_AGGRESSIVE;
				CLANG_WARN_UNREACHABLE_CODE = YES;
				CLANG_WARN__DUPLICATE_METHOD_MATCH = YES;
				COPY_PHASE_STRIP = NO;
				DEBUG_INFORMATION_FORMAT = "dwarf-with-dsym";
				ENABLE_NS_ASSERTIONS = NO;
				ENABLE_STRICT_OBJC_MSGSEND = YES;
				GCC_C_LANGUAGE_STANDARD = gnu11;
				GCC_NO_COMMON_BLOCKS = YES;
				GCC_WARN_64_TO_32_BIT_CONVERSION = YES;
				GCC_WARN_ABOUT_RETURN_TYPE = YES_ERROR;
				GCC_WARN_UNDECLARED_SELECTOR = YES;
				GCC_WARN_UNINITIALIZED_AUTOS = YES_AGGRESSIVE;
				GCC_WARN_UNUSED_FUNCTION = YES;
				GCC_WARN_UNUSED_VARIABLE = YES;
				IPHONEOS_DEPLOYMENT_TARGET = 14.5;
				MTL_ENABLE_DEBUG_INFO = NO;
				MTL_FAST_MATH = YES;
				SDKROOT = iphoneos;
				SWIFT_COMPILATION_MODE = wholemodule;
				SWIFT_OPTIMIZATION_LEVEL = "-O";
				VALIDATE_PRODUCT = YES;
			};
			name = Release;
		};
		250CB8A226BAC53300957930 /* Debug */ = {
			isa = XCBuildConfiguration;
			buildSettings = {
				ASSETCATALOG_COMPILER_APPICON_NAME = AppIcon;
				ASSETCATALOG_COMPILER_GLOBAL_ACCENT_COLOR_NAME = AccentColor;
				CODE_SIGN_STYLE = Automatic;
				INFOPLIST_FILE = Prework/Info.plist;
				LD_RUNPATH_SEARCH_PATHS = (
					"$(inherited)",
					"@executable_path/Frameworks",
				);
				PRODUCT_BUNDLE_IDENTIFIER = memo.com.Prework;
				PRODUCT_NAME = "$(TARGET_NAME)";
				SWIFT_VERSION = 5.0;
				TARGETED_DEVICE_FAMILY = "1,2";
			};
			name = Debug;
		};
		250CB8A326BAC53300957930 /* Release */ = {
			isa = XCBuildConfiguration;
			buildSettings = {
				ASSETCATALOG_COMPILER_APPICON_NAME = AppIcon;
				ASSETCATALOG_COMPILER_GLOBAL_ACCENT_COLOR_NAME = AccentColor;
				CODE_SIGN_STYLE = Automatic;
				INFOPLIST_FILE = Prework/Info.plist;
				LD_RUNPATH_SEARCH_PATHS = (
					"$(inherited)",
					"@executable_path/Frameworks",
				);
				PRODUCT_BUNDLE_IDENTIFIER = memo.com.Prework;
				PRODUCT_NAME = "$(TARGET_NAME)";
				SWIFT_VERSION = 5.0;
				TARGETED_DEVICE_FAMILY = "1,2";
			};
			name = Release;
		};
		250CB8A526BAC53300957930 /* Debug */ = {
			isa = XCBuildConfiguration;
			buildSettings = {
				ALWAYS_EMBED_SWIFT_STANDARD_LIBRARIES = YES;
				BUNDLE_LOADER = "$(TEST_HOST)";
				CODE_SIGN_STYLE = Automatic;
				INFOPLIST_FILE = PreworkTests/Info.plist;
				IPHONEOS_DEPLOYMENT_TARGET = 14.5;
				LD_RUNPATH_SEARCH_PATHS = (
					"$(inherited)",
					"@executable_path/Frameworks",
					"@loader_path/Frameworks",
				);
				PRODUCT_BUNDLE_IDENTIFIER = memo.com.PreworkTests;
				PRODUCT_NAME = "$(TARGET_NAME)";
				SWIFT_VERSION = 5.0;
				TARGETED_DEVICE_FAMILY = "1,2";
				TEST_HOST = "$(BUILT_PRODUCTS_DIR)/TipCalculator.app/TipCalculator";
			};
			name = Debug;
		};
		250CB8A626BAC53300957930 /* Release */ = {
			isa = XCBuildConfiguration;
			buildSettings = {
				ALWAYS_EMBED_SWIFT_STANDARD_LIBRARIES = YES;
				BUNDLE_LOADER = "$(TEST_HOST)";
				CODE_SIGN_STYLE = Automatic;
				INFOPLIST_FILE = PreworkTests/Info.plist;
				IPHONEOS_DEPLOYMENT_TARGET = 14.5;
				LD_RUNPATH_SEARCH_PATHS = (
					"$(inherited)",
					"@executable_path/Frameworks",
					"@loader_path/Frameworks",
				);
				PRODUCT_BUNDLE_IDENTIFIER = memo.com.PreworkTests;
				PRODUCT_NAME = "$(TARGET_NAME)";
				SWIFT_VERSION = 5.0;
				TARGETED_DEVICE_FAMILY = "1,2";
				TEST_HOST = "$(BUILT_PRODUCTS_DIR)/TipCalculator.app/TipCalculator";
			};
			name = Release;
		};
		250CB8A826BAC53300957930 /* Debug */ = {
			isa = XCBuildConfiguration;
			buildSettings = {
				ALWAYS_EMBED_SWIFT_STANDARD_LIBRARIES = YES;
				CODE_SIGN_STYLE = Automatic;
				INFOPLIST_FILE = PreworkUITests/Info.plist;
				LD_RUNPATH_SEARCH_PATHS = (
					"$(inherited)",
					"@executable_path/Frameworks",
					"@loader_path/Frameworks",
				);
				PRODUCT_BUNDLE_IDENTIFIER = memo.com.PreworkUITests;
				PRODUCT_NAME = "$(TARGET_NAME)";
				SWIFT_VERSION = 5.0;
				TARGETED_DEVICE_FAMILY = "1,2";
				TEST_TARGET_NAME = Prework;
			};
			name = Debug;
		};
		250CB8A926BAC53300957930 /* Release */ = {
			isa = XCBuildConfiguration;
			buildSettings = {
				ALWAYS_EMBED_SWIFT_STANDARD_LIBRARIES = YES;
				CODE_SIGN_STYLE = Automatic;
				INFOPLIST_FILE = PreworkUITests/Info.plist;
				LD_RUNPATH_SEARCH_PATHS = (
					"$(inherited)",
					"@executable_path/Frameworks",
					"@loader_path/Frameworks",
				);
				PRODUCT_BUNDLE_IDENTIFIER = memo.com.PreworkUITests;
				PRODUCT_NAME = "$(TARGET_NAME)";
				SWIFT_VERSION = 5.0;
				TARGETED_DEVICE_FAMILY = "1,2";
				TEST_TARGET_NAME = Prework;
			};
			name = Release;
		};
/* End XCBuildConfiguration section */

/* Begin XCConfigurationList section */
		250CB87226BAC53100957930 /* Build configuration list for PBXProject "TipCalculator" */ = {
			isa = XCConfigurationList;
			buildConfigurations = (
				250CB89F26BAC53300957930 /* Debug */,
				250CB8A026BAC53300957930 /* Release */,
			);
			defaultConfigurationIsVisible = 0;
			defaultConfigurationName = Release;
		};
		250CB8A126BAC53300957930 /* Build configuration list for PBXNativeTarget "TipCalculator" */ = {
			isa = XCConfigurationList;
			buildConfigurations = (
				250CB8A226BAC53300957930 /* Debug */,
				250CB8A326BAC53300957930 /* Release */,
			);
			defaultConfigurationIsVisible = 0;
			defaultConfigurationName = Release;
		};
		250CB8A426BAC53300957930 /* Build configuration list for PBXNativeTarget "TipCalculatorTests" */ = {
			isa = XCConfigurationList;
			buildConfigurations = (
				250CB8A526BAC53300957930 /* Debug */,
				250CB8A626BAC53300957930 /* Release */,
			);
			defaultConfigurationIsVisible = 0;
			defaultConfigurationName = Release;
		};
		250CB8A726BAC53300957930 /* Build configuration list for PBXNativeTarget "TipCalculatorUITests" */ = {
			isa = XCConfigurationList;
			buildConfigurations = (
				250CB8A826BAC53300957930 /* Debug */,
				250CB8A926BAC53300957930 /* Release */,
			);
			defaultConfigurationIsVisible = 0;
			defaultConfigurationName = Release;
		};
/* End XCConfigurationList section */
	};
	rootObject = 250CB86F26BAC53100957930 /* Project object */;
}
